// !$*UTF8*$!
{
	archiveVersion = 1;
	classes = {
	};
	objectVersion = 51;
	objects = {

/* Begin PBXBuildFile section */
		840834F2242A0AB6006D085B /* MainViewController.xib in Resources */ = {isa = PBXBuildFile; fileRef = 840834F1242A0AB6006D085B /* MainViewController.xib */; };
		840834F8242A0E1A006D085B /* SecondViewController.swift in Sources */ = {isa = PBXBuildFile; fileRef = 840834F7242A0E1A006D085B /* SecondViewController.swift */; };
		840834FA242A0E2C006D085B /* ScondViewModel.swift in Sources */ = {isa = PBXBuildFile; fileRef = 840834F9242A0E2C006D085B /* ScondViewModel.swift */; };
		840834FC242A0FE9006D085B /* SecondViewController.xib in Resources */ = {isa = PBXBuildFile; fileRef = 840834FB242A0FE9006D085B /* SecondViewController.xib */; };
		840834FE242A111E006D085B /* ViewModelType.swift in Sources */ = {isa = PBXBuildFile; fileRef = 840834FD242A111E006D085B /* ViewModelType.swift */; };
		84267458242A1D27009BD862 /* Model.swift in Sources */ = {isa = PBXBuildFile; fileRef = 84267457242A1D26009BD862 /* Model.swift */; };
		849340012428E9F300DFEDD2 /* AppDelegate.swift in Sources */ = {isa = PBXBuildFile; fileRef = 849340002428E9F300DFEDD2 /* AppDelegate.swift */; };
		849340032428E9F300DFEDD2 /* SceneDelegate.swift in Sources */ = {isa = PBXBuildFile; fileRef = 849340022428E9F300DFEDD2 /* SceneDelegate.swift */; };
		849340052428E9F300DFEDD2 /* MainViewController.swift in Sources */ = {isa = PBXBuildFile; fileRef = 849340042428E9F300DFEDD2 /* MainViewController.swift */; };
		849340082428E9F300DFEDD2 /* Main.storyboard in Resources */ = {isa = PBXBuildFile; fileRef = 849340062428E9F300DFEDD2 /* Main.storyboard */; };
		8493400A2428E9F600DFEDD2 /* Assets.xcassets in Resources */ = {isa = PBXBuildFile; fileRef = 849340092428E9F600DFEDD2 /* Assets.xcassets */; };
		8493400D2428E9F600DFEDD2 /* LaunchScreen.storyboard in Resources */ = {isa = PBXBuildFile; fileRef = 8493400B2428E9F600DFEDD2 /* LaunchScreen.storyboard */; };
		849340152428ECAB00DFEDD2 /* MainViewModel.swift in Sources */ = {isa = PBXBuildFile; fileRef = 849340142428ECAB00DFEDD2 /* MainViewModel.swift */; };
		8493401A242911DD00DFEDD2 /* DataFactory.swift in Sources */ = {isa = PBXBuildFile; fileRef = 84934019242911DD00DFEDD2 /* DataFactory.swift */; };
		8493401C2429123B00DFEDD2 /* Repository.swift in Sources */ = {isa = PBXBuildFile; fileRef = 8493401B2429123B00DFEDD2 /* Repository.swift */; };
		849340222429152D00DFEDD2 /* NetworkManager.swift in Sources */ = {isa = PBXBuildFile; fileRef = 849340212429152D00DFEDD2 /* NetworkManager.swift */; };
		849340242429179A00DFEDD2 /* Decoderable.swift in Sources */ = {isa = PBXBuildFile; fileRef = 849340232429179A00DFEDD2 /* Decoderable.swift */; };
		8493402624291CD000DFEDD2 /* BaseModel.swift in Sources */ = {isa = PBXBuildFile; fileRef = 8493402524291CD000DFEDD2 /* BaseModel.swift */; };
		8493402C24291FBE00DFEDD2 /* DataResponse+Extension.swift in Sources */ = {isa = PBXBuildFile; fileRef = 8493402824291FBE00DFEDD2 /* DataResponse+Extension.swift */; };
		8493402D24291FBE00DFEDD2 /* UIView+Extension.swift in Sources */ = {isa = PBXBuildFile; fileRef = 8493402924291FBE00DFEDD2 /* UIView+Extension.swift */; };
		8493402E24291FBE00DFEDD2 /* UIViewController+Extension.swift in Sources */ = {isa = PBXBuildFile; fileRef = 8493402A24291FBE00DFEDD2 /* UIViewController+Extension.swift */; };
		8493402F24291FBE00DFEDD2 /* Data+Extension.swift in Sources */ = {isa = PBXBuildFile; fileRef = 8493402B24291FBE00DFEDD2 /* Data+Extension.swift */; };
		8495337C242B414F00FD2593 /* Injection.swift in Sources */ = {isa = PBXBuildFile; fileRef = 8495337B242B414F00FD2593 /* Injection.swift */; };
		902476A2BB7D86592BBFE392 /* Pods_ResolverDemo.framework in Frameworks */ = {isa = PBXBuildFile; fileRef = D88BC970D56A7F64DE78DD20 /* Pods_ResolverDemo.framework */; };
/* End PBXBuildFile section */

/* Begin PBXFileReference section */
		840834F1242A0AB6006D085B /* MainViewController.xib */ = {isa = PBXFileReference; lastKnownFileType = file.xib; path = MainViewController.xib; sourceTree = "<group>"; };
		840834F7242A0E1A006D085B /* SecondViewController.swift */ = {isa = PBXFileReference; lastKnownFileType = sourcecode.swift; path = SecondViewController.swift; sourceTree = "<group>"; };
		840834F9242A0E2C006D085B /* ScondViewModel.swift */ = {isa = PBXFileReference; lastKnownFileType = sourcecode.swift; path = ScondViewModel.swift; sourceTree = "<group>"; };
		840834FB242A0FE9006D085B /* SecondViewController.xib */ = {isa = PBXFileReference; lastKnownFileType = file.xib; path = SecondViewController.xib; sourceTree = "<group>"; };
		840834FD242A111E006D085B /* ViewModelType.swift */ = {isa = PBXFileReference; lastKnownFileType = sourcecode.swift; path = ViewModelType.swift; sourceTree = "<group>"; };
		84267457242A1D26009BD862 /* Model.swift */ = {isa = PBXFileReference; lastKnownFileType = sourcecode.swift; path = Model.swift; sourceTree = "<group>"; };
		84933FFD2428E9F300DFEDD2 /* ResolverDemo.app */ = {isa = PBXFileReference; explicitFileType = wrapper.application; includeInIndex = 0; path = ResolverDemo.app; sourceTree = BUILT_PRODUCTS_DIR; };
		849340002428E9F300DFEDD2 /* AppDelegate.swift */ = {isa = PBXFileReference; lastKnownFileType = sourcecode.swift; path = AppDelegate.swift; sourceTree = "<group>"; };
		849340022428E9F300DFEDD2 /* SceneDelegate.swift */ = {isa = PBXFileReference; lastKnownFileType = sourcecode.swift; path = SceneDelegate.swift; sourceTree = "<group>"; };
		849340042428E9F300DFEDD2 /* MainViewController.swift */ = {isa = PBXFileReference; lastKnownFileType = sourcecode.swift; path = MainViewController.swift; sourceTree = "<group>"; };
		849340072428E9F300DFEDD2 /* Base */ = {isa = PBXFileReference; lastKnownFileType = file.storyboard; name = Base; path = Base.lproj/Main.storyboard; sourceTree = "<group>"; };
		849340092428E9F600DFEDD2 /* Assets.xcassets */ = {isa = PBXFileReference; lastKnownFileType = folder.assetcatalog; path = Assets.xcassets; sourceTree = "<group>"; };
		8493400C2428E9F600DFEDD2 /* Base */ = {isa = PBXFileReference; lastKnownFileType = file.storyboard; name = Base; path = Base.lproj/LaunchScreen.storyboard; sourceTree = "<group>"; };
		8493400E2428E9F600DFEDD2 /* Info.plist */ = {isa = PBXFileReference; lastKnownFileType = text.plist.xml; path = Info.plist; sourceTree = "<group>"; };
		849340142428ECAB00DFEDD2 /* MainViewModel.swift */ = {isa = PBXFileReference; lastKnownFileType = sourcecode.swift; path = MainViewModel.swift; sourceTree = "<group>"; };
		84934019242911DD00DFEDD2 /* DataFactory.swift */ = {isa = PBXFileReference; lastKnownFileType = sourcecode.swift; path = DataFactory.swift; sourceTree = "<group>"; };
		8493401B2429123B00DFEDD2 /* Repository.swift */ = {isa = PBXFileReference; lastKnownFileType = sourcecode.swift; path = Repository.swift; sourceTree = "<group>"; };
		849340212429152D00DFEDD2 /* NetworkManager.swift */ = {isa = PBXFileReference; fileEncoding = 4; lastKnownFileType = sourcecode.swift; name = NetworkManager.swift; path = "../../../Upload When Online Demo/uploadWhenOnlineDemo/UploadingWhenOnlineDemo/Networking/NetworkManager.swift"; sourceTree = "<group>"; };
		849340232429179A00DFEDD2 /* Decoderable.swift */ = {isa = PBXFileReference; fileEncoding = 4; lastKnownFileType = sourcecode.swift; path = Decoderable.swift; sourceTree = "<group>"; };
		8493402524291CD000DFEDD2 /* BaseModel.swift */ = {isa = PBXFileReference; lastKnownFileType = sourcecode.swift; path = BaseModel.swift; sourceTree = "<group>"; };
		8493402824291FBE00DFEDD2 /* DataResponse+Extension.swift */ = {isa = PBXFileReference; fileEncoding = 4; lastKnownFileType = sourcecode.swift; path = "DataResponse+Extension.swift"; sourceTree = "<group>"; };
		8493402924291FBE00DFEDD2 /* UIView+Extension.swift */ = {isa = PBXFileReference; fileEncoding = 4; lastKnownFileType = sourcecode.swift; path = "UIView+Extension.swift"; sourceTree = "<group>"; };
		8493402A24291FBE00DFEDD2 /* UIViewController+Extension.swift */ = {isa = PBXFileReference; fileEncoding = 4; lastKnownFileType = sourcecode.swift; path = "UIViewController+Extension.swift"; sourceTree = "<group>"; };
		8493402B24291FBE00DFEDD2 /* Data+Extension.swift */ = {isa = PBXFileReference; fileEncoding = 4; lastKnownFileType = sourcecode.swift; path = "Data+Extension.swift"; sourceTree = "<group>"; };
		8495337B242B414F00FD2593 /* Injection.swift */ = {isa = PBXFileReference; lastKnownFileType = sourcecode.swift; path = Injection.swift; sourceTree = "<group>"; };
		AE8241F7B1284344B80CB753 /* Pods-ResolverDemo.release.xcconfig */ = {isa = PBXFileReference; includeInIndex = 1; lastKnownFileType = text.xcconfig; name = "Pods-ResolverDemo.release.xcconfig"; path = "Target Support Files/Pods-ResolverDemo/Pods-ResolverDemo.release.xcconfig"; sourceTree = "<group>"; };
		C9335373086316A1ED1D3CFA /* Pods-ResolverDemo.debug.xcconfig */ = {isa = PBXFileReference; includeInIndex = 1; lastKnownFileType = text.xcconfig; name = "Pods-ResolverDemo.debug.xcconfig"; path = "Target Support Files/Pods-ResolverDemo/Pods-ResolverDemo.debug.xcconfig"; sourceTree = "<group>"; };
		D88BC970D56A7F64DE78DD20 /* Pods_ResolverDemo.framework */ = {isa = PBXFileReference; explicitFileType = wrapper.framework; includeInIndex = 0; path = Pods_ResolverDemo.framework; sourceTree = BUILT_PRODUCTS_DIR; };
/* End PBXFileReference section */

/* Begin PBXFrameworksBuildPhase section */
		84933FFA2428E9F300DFEDD2 /* Frameworks */ = {
			isa = PBXFrameworksBuildPhase;
			buildActionMask = 2147483647;
			files = (
				902476A2BB7D86592BBFE392 /* Pods_ResolverDemo.framework in Frameworks */,
			);
			runOnlyForDeploymentPostprocessing = 0;
		};
/* End PBXFrameworksBuildPhase section */

/* Begin PBXGroup section */
		24A249AA00FA37477AE7F56E /* Pods */ = {
			isa = PBXGroup;
			children = (
				C9335373086316A1ED1D3CFA /* Pods-ResolverDemo.debug.xcconfig */,
				AE8241F7B1284344B80CB753 /* Pods-ResolverDemo.release.xcconfig */,
			);
			path = Pods;
			sourceTree = "<group>";
		};
		37D3C52740369C1D045C79AF /* Frameworks */ = {
			isa = PBXGroup;
			children = (
				D88BC970D56A7F64DE78DD20 /* Pods_ResolverDemo.framework */,
			);
			name = Frameworks;
			sourceTree = "<group>";
		};
		840834F4242A0DA6006D085B /* Second */ = {
			isa = PBXGroup;
			children = (
				840834F7242A0E1A006D085B /* SecondViewController.swift */,
				840834F9242A0E2C006D085B /* ScondViewModel.swift */,
				840834FB242A0FE9006D085B /* SecondViewController.xib */,
			);
			path = Second;
			sourceTree = "<group>";
		};
		84933FF42428E9F300DFEDD2 = {
			isa = PBXGroup;
			children = (
				84933FFF2428E9F300DFEDD2 /* ResolverDemo */,
				84933FFE2428E9F300DFEDD2 /* Products */,
				24A249AA00FA37477AE7F56E /* Pods */,
				37D3C52740369C1D045C79AF /* Frameworks */,
			);
			sourceTree = "<group>";
		};
		84933FFE2428E9F300DFEDD2 /* Products */ = {
			isa = PBXGroup;
			children = (
				84933FFD2428E9F300DFEDD2 /* ResolverDemo.app */,
			);
			name = Products;
			sourceTree = "<group>";
		};
		84933FFF2428E9F300DFEDD2 /* ResolverDemo */ = {
			isa = PBXGroup;
			children = (
				8493402724291FBE00DFEDD2 /* Extensions */,
				849340002428E9F300DFEDD2 /* AppDelegate.swift */,
				849340022428E9F300DFEDD2 /* SceneDelegate.swift */,
				8495337B242B414F00FD2593 /* Injection.swift */,
				849340062428E9F300DFEDD2 /* Main.storyboard */,
				849340092428E9F600DFEDD2 /* Assets.xcassets */,
				840834FD242A111E006D085B /* ViewModelType.swift */,
				840834F4242A0DA6006D085B /* Second */,
				849340182428ED1A00DFEDD2 /* Main */,
				8493400B2428E9F600DFEDD2 /* LaunchScreen.storyboard */,
				849340172428ECFC00DFEDD2 /* Data */,
				849340162428ECE400DFEDD2 /* Network */,
				8493400E2428E9F600DFEDD2 /* Info.plist */,
			);
			path = ResolverDemo;
			sourceTree = "<group>";
		};
		849340162428ECE400DFEDD2 /* Network */ = {
			isa = PBXGroup;
			children = (
				849340212429152D00DFEDD2 /* NetworkManager.swift */,
			);
			path = Network;
			sourceTree = "<group>";
		};
		849340172428ECFC00DFEDD2 /* Data */ = {
			isa = PBXGroup;
			children = (
				849340232429179A00DFEDD2 /* Decoderable.swift */,
				8493402524291CD000DFEDD2 /* BaseModel.swift */,
				84934019242911DD00DFEDD2 /* DataFactory.swift */,
				8493401B2429123B00DFEDD2 /* Repository.swift */,
			);
			path = Data;
			sourceTree = "<group>";
		};
		849340182428ED1A00DFEDD2 /* Main */ = {
			isa = PBXGroup;
			children = (
				84267457242A1D26009BD862 /* Model.swift */,
				849340042428E9F300DFEDD2 /* MainViewController.swift */,
				849340142428ECAB00DFEDD2 /* MainViewModel.swift */,
				840834F1242A0AB6006D085B /* MainViewController.xib */,
			);
			path = Main;
			sourceTree = "<group>";
		};
		8493402724291FBE00DFEDD2 /* Extensions */ = {
			isa = PBXGroup;
			children = (
				8493402824291FBE00DFEDD2 /* DataResponse+Extension.swift */,
				8493402924291FBE00DFEDD2 /* UIView+Extension.swift */,
				8493402A24291FBE00DFEDD2 /* UIViewController+Extension.swift */,
				8493402B24291FBE00DFEDD2 /* Data+Extension.swift */,
			);
			path = Extensions;
			sourceTree = "<group>";
		};
/* End PBXGroup section */

/* Begin PBXNativeTarget section */
		84933FFC2428E9F300DFEDD2 /* ResolverDemo */ = {
			isa = PBXNativeTarget;
			buildConfigurationList = 849340112428E9F600DFEDD2 /* Build configuration list for PBXNativeTarget "ResolverDemo" */;
			buildPhases = (
				2AA8044FC268B733DA0F7394 /* [CP] Check Pods Manifest.lock */,
				84933FF92428E9F300DFEDD2 /* Sources */,
				84933FFA2428E9F300DFEDD2 /* Frameworks */,
				84933FFB2428E9F300DFEDD2 /* Resources */,
				DC03E579940BFDBA97C89CF7 /* [CP] Embed Pods Frameworks */,
			);
			buildRules = (
			);
			dependencies = (
			);
			name = ResolverDemo;
			productName = ResolverDemo;
			productReference = 84933FFD2428E9F300DFEDD2 /* ResolverDemo.app */;
			productType = "com.apple.product-type.application";
		};
/* End PBXNativeTarget section */

/* Begin PBXProject section */
		84933FF52428E9F300DFEDD2 /* Project object */ = {
			isa = PBXProject;
			attributes = {
				LastSwiftUpdateCheck = 1130;
				LastUpgradeCheck = 1130;
				ORGANIZATIONNAME = Sure;
				TargetAttributes = {
					84933FFC2428E9F300DFEDD2 = {
						CreatedOnToolsVersion = 11.3.1;
					};
				};
			};
			buildConfigurationList = 84933FF82428E9F300DFEDD2 /* Build configuration list for PBXProject "ResolverDemo" */;
			compatibilityVersion = "Xcode 9.3";
			developmentRegion = en;
			hasScannedForEncodings = 0;
			knownRegions = (
				en,
				Base,
			);
			mainGroup = 84933FF42428E9F300DFEDD2;
			productRefGroup = 84933FFE2428E9F300DFEDD2 /* Products */;
			projectDirPath = "";
			projectRoot = "";
			targets = (
				84933FFC2428E9F300DFEDD2 /* ResolverDemo */,
			);
		};
/* End PBXProject section */

/* Begin PBXResourcesBuildPhase section */
		84933FFB2428E9F300DFEDD2 /* Resources */ = {
			isa = PBXResourcesBuildPhase;
			buildActionMask = 2147483647;
			files = (
				840834FC242A0FE9006D085B /* SecondViewController.xib in Resources */,
				8493400D2428E9F600DFEDD2 /* LaunchScreen.storyboard in Resources */,
				840834F2242A0AB6006D085B /* MainViewController.xib in Resources */,
				8493400A2428E9F600DFEDD2 /* Assets.xcassets in Resources */,
				849340082428E9F300DFEDD2 /* Main.storyboard in Resources */,
			);
			runOnlyForDeploymentPostprocessing = 0;
		};
/* End PBXResourcesBuildPhase section */

/* Begin PBXShellScriptBuildPhase section */
		2AA8044FC268B733DA0F7394 /* [CP] Check Pods Manifest.lock */ = {
			isa = PBXShellScriptBuildPhase;
			buildActionMask = 2147483647;
			files = (
			);
			inputFileListPaths = (
			);
			inputPaths = (
				"${PODS_PODFILE_DIR_PATH}/Podfile.lock",
				"${PODS_ROOT}/Manifest.lock",
			);
			name = "[CP] Check Pods Manifest.lock";
			outputFileListPaths = (
			);
			outputPaths = (
				"$(DERIVED_FILE_DIR)/Pods-ResolverDemo-checkManifestLockResult.txt",
			);
			runOnlyForDeploymentPostprocessing = 0;
			shellPath = /bin/sh;
			shellScript = "diff \"${PODS_PODFILE_DIR_PATH}/Podfile.lock\" \"${PODS_ROOT}/Manifest.lock\" > /dev/null\nif [ $? != 0 ] ; then\n    # print error to STDERR\n    echo \"error: The sandbox is not in sync with the Podfile.lock. Run 'pod install' or update your CocoaPods installation.\" >&2\n    exit 1\nfi\n# This output is used by Xcode 'outputs' to avoid re-running this script phase.\necho \"SUCCESS\" > \"${SCRIPT_OUTPUT_FILE_0}\"\n";
			showEnvVarsInLog = 0;
		};
		DC03E579940BFDBA97C89CF7 /* [CP] Embed Pods Frameworks */ = {
			isa = PBXShellScriptBuildPhase;
			buildActionMask = 2147483647;
			files = (
			);
			inputFileListPaths = (
				"${PODS_ROOT}/Target Support Files/Pods-ResolverDemo/Pods-ResolverDemo-frameworks-${CONFIGURATION}-input-files.xcfilelist",
			);
			name = "[CP] Embed Pods Frameworks";
			outputFileListPaths = (
				"${PODS_ROOT}/Target Support Files/Pods-ResolverDemo/Pods-ResolverDemo-frameworks-${CONFIGURATION}-output-files.xcfilelist",
			);
			runOnlyForDeploymentPostprocessing = 0;
			shellPath = /bin/sh;
			shellScript = "\"${PODS_ROOT}/Target Support Files/Pods-ResolverDemo/Pods-ResolverDemo-frameworks.sh\"\n";
			showEnvVarsInLog = 0;
		};
/* End PBXShellScriptBuildPhase section */

/* Begin PBXSourcesBuildPhase section */
		84933FF92428E9F300DFEDD2 /* Sources */ = {
			isa = PBXSourcesBuildPhase;
			buildActionMask = 2147483647;
			files = (
				8495337C242B414F00FD2593 /* Injection.swift in Sources */,
				849340222429152D00DFEDD2 /* NetworkManager.swift in Sources */,
				8493402F24291FBE00DFEDD2 /* Data+Extension.swift in Sources */,
				849340152428ECAB00DFEDD2 /* MainViewModel.swift in Sources */,
				840834FA242A0E2C006D085B /* ScondViewModel.swift in Sources */,
				8493402E24291FBE00DFEDD2 /* UIViewController+Extension.swift in Sources */,
				840834F8242A0E1A006D085B /* SecondViewController.swift in Sources */,
				849340052428E9F300DFEDD2 /* MainViewController.swift in Sources */,
				8493401C2429123B00DFEDD2 /* Repository.swift in Sources */,
				8493402624291CD000DFEDD2 /* BaseModel.swift in Sources */,
				84267458242A1D27009BD862 /* Model.swift in Sources */,
				849340012428E9F300DFEDD2 /* AppDelegate.swift in Sources */,
				8493402D24291FBE00DFEDD2 /* UIView+Extension.swift in Sources */,
				840834FE242A111E006D085B /* ViewModelType.swift in Sources */,
				8493401A242911DD00DFEDD2 /* DataFactory.swift in Sources */,
				8493402C24291FBE00DFEDD2 /* DataResponse+Extension.swift in Sources */,
				849340242429179A00DFEDD2 /* Decoderable.swift in Sources */,
				849340032428E9F300DFEDD2 /* SceneDelegate.swift in Sources */,
			);
			runOnlyForDeploymentPostprocessing = 0;
		};
/* End PBXSourcesBuildPhase section */

/* Begin PBXVariantGroup section */
		849340062428E9F300DFEDD2 /* Main.storyboard */ = {
			isa = PBXVariantGroup;
			children = (
				849340072428E9F300DFEDD2 /* Base */,
			);
			name = Main.storyboard;
			sourceTree = "<group>";
		};
		8493400B2428E9F600DFEDD2 /* LaunchScreen.storyboard */ = {
			isa = PBXVariantGroup;
			children = (
				8493400C2428E9F600DFEDD2 /* Base */,
			);
			name = LaunchScreen.storyboard;
			sourceTree = "<group>";
		};
/* End PBXVariantGroup section */

/* Begin XCBuildConfiguration section */
		8493400F2428E9F600DFEDD2 /* Debug */ = {
			isa = XCBuildConfiguration;
			buildSettings = {
				ALWAYS_SEARCH_USER_PATHS = NO;
				CLANG_ANALYZER_NONNULL = YES;
				CLANG_ANALYZER_NUMBER_OBJECT_CONVERSION = YES_AGGRESSIVE;
				CLANG_CXX_LANGUAGE_STANDARD = "gnu++14";
				CLANG_CXX_LIBRARY = "libc++";
				CLANG_ENABLE_MODULES = YES;
				CLANG_ENABLE_OBJC_ARC = YES;
				CLANG_ENABLE_OBJC_WEAK = YES;
				CLANG_WARN_BLOCK_CAPTURE_AUTORELEASING = YES;
				CLANG_WARN_BOOL_CONVERSION = YES;
				CLANG_WARN_COMMA = YES;
				CLANG_WARN_CONSTANT_CONVERSION = YES;
				CLANG_WARN_DEPRECATED_OBJC_IMPLEMENTATIONS = YES;
				CLANG_WARN_DIRECT_OBJC_ISA_USAGE = YES_ERROR;
				CLANG_WARN_DOCUMENTATION_COMMENTS = YES;
				CLANG_WARN_EMPTY_BODY = YES;
				CLANG_WARN_ENUM_CONVERSION = YES;
				CLANG_WARN_INFINITE_RECURSION = YES;
				CLANG_WARN_INT_CONVERSION = YES;
				CLANG_WARN_NON_LITERAL_NULL_CONVERSION = YES;
				CLANG_WARN_OBJC_IMPLICIT_RETAIN_SELF = YES;
				CLANG_WARN_OBJC_LITERAL_CONVERSION = YES;
				CLANG_WARN_OBJC_ROOT_CLASS = YES_ERROR;
				CLANG_WARN_RANGE_LOOP_ANALYSIS = YES;
				CLANG_WARN_STRICT_PROTOTYPES = YES;
				CLANG_WARN_SUSPICIOUS_MOVE = YES;
				CLANG_WARN_UNGUARDED_AVAILABILITY = YES_AGGRESSIVE;
				CLANG_WARN_UNREACHABLE_CODE = YES;
				CLANG_WARN__DUPLICATE_METHOD_MATCH = YES;
				COPY_PHASE_STRIP = NO;
				DEBUG_INFORMATION_FORMAT = dwarf;
				ENABLE_STRICT_OBJC_MSGSEND = YES;
				ENABLE_TESTABILITY = YES;
				GCC_C_LANGUAGE_STANDARD = gnu11;
				GCC_DYNAMIC_NO_PIC = NO;
				GCC_NO_COMMON_BLOCKS = YES;
				GCC_OPTIMIZATION_LEVEL = 0;
				GCC_PREPROCESSOR_DEFINITIONS = (
					"DEBUG=1",
					"$(inherited)",
				);
				GCC_WARN_64_TO_32_BIT_CONVERSION = YES;
				GCC_WARN_ABOUT_RETURN_TYPE = YES_ERROR;
				GCC_WARN_UNDECLARED_SELECTOR = YES;
				GCC_WARN_UNINITIALIZED_AUTOS = YES_AGGRESSIVE;
				GCC_WARN_UNUSED_FUNCTION = YES;
				GCC_WARN_UNUSED_VARIABLE = YES;
				IPHONEOS_DEPLOYMENT_TARGET = 13.2;
				MTL_ENABLE_DEBUG_INFO = INCLUDE_SOURCE;
				MTL_FAST_MATH = YES;
				ONLY_ACTIVE_ARCH = YES;
				SDKROOT = iphoneos;
				SWIFT_ACTIVE_COMPILATION_CONDITIONS = DEBUG;
				SWIFT_OPTIMIZATION_LEVEL = "-Onone";
			};
			name = Debug;
		};
		849340102428E9F600DFEDD2 /* Release */ = {
			isa = XCBuildConfiguration;
			buildSettings = {
				ALWAYS_SEARCH_USER_PATHS = NO;
				CLANG_ANALYZER_NONNULL = YES;
				CLANG_ANALYZER_NUMBER_OBJECT_CONVERSION = YES_AGGRESSIVE;
				CLANG_CXX_LANGUAGE_STANDARD = "gnu++14";
				CLANG_CXX_LIBRARY = "libc++";
				CLANG_ENABLE_MODULES = YES;
				CLANG_ENABLE_OBJC_ARC = YES;
				CLANG_ENABLE_OBJC_WEAK = YES;
				CLANG_WARN_BLOCK_CAPTURE_AUTORELEASING = YES;
				CLANG_WARN_BOOL_CONVERSION = YES;
				CLANG_WARN_COMMA = YES;
				CLANG_WARN_CONSTANT_CONVERSION = YES;
				CLANG_WARN_DEPRECATED_OBJC_IMPLEMENTATIONS = YES;
				CLANG_WARN_DIRECT_OBJC_ISA_USAGE = YES_ERROR;
				CLANG_WARN_DOCUMENTATION_COMMENTS = YES;
				CLANG_WARN_EMPTY_BODY = YES;
				CLANG_WARN_ENUM_CONVERSION = YES;
				CLANG_WARN_INFINITE_RECURSION = YES;
				CLANG_WARN_INT_CONVERSION = YES;
				CLANG_WARN_NON_LITERAL_NULL_CONVERSION = YES;
				CLANG_WARN_OBJC_IMPLICIT_RETAIN_SELF = YES;
				CLANG_WARN_OBJC_LITERAL_CONVERSION = YES;
				CLANG_WARN_OBJC_ROOT_CLASS = YES_ERROR;
				CLANG_WARN_RANGE_LOOP_ANALYSIS = YES;
				CLANG_WARN_STRICT_PROTOTYPES = YES;
				CLANG_WARN_SUSPICIOUS_MOVE = YES;
				CLANG_WARN_UNGUARDED_AVAILABILITY = YES_AGGRESSIVE;
				CLANG_WARN_UNREACHABLE_CODE = YES;
				CLANG_WARN__DUPLICATE_METHOD_MATCH = YES;
				COPY_PHASE_STRIP = NO;
				DEBUG_INFORMATION_FORMAT = "dwarf-with-dsym";
				ENABLE_NS_ASSERTIONS = NO;
				ENABLE_STRICT_OBJC_MSGSEND = YES;
				GCC_C_LANGUAGE_STANDARD = gnu11;
				GCC_NO_COMMON_BLOCKS = YES;
				GCC_WARN_64_TO_32_BIT_CONVERSION = YES;
				GCC_WARN_ABOUT_RETURN_TYPE = YES_ERROR;
				GCC_WARN_UNDECLARED_SELECTOR = YES;
				GCC_WARN_UNINITIALIZED_AUTOS = YES_AGGRESSIVE;
				GCC_WARN_UNUSED_FUNCTION = YES;
				GCC_WARN_UNUSED_VARIABLE = YES;
				IPHONEOS_DEPLOYMENT_TARGET = 13.2;
				MTL_ENABLE_DEBUG_INFO = NO;
				MTL_FAST_MATH = YES;
				SDKROOT = iphoneos;
				SWIFT_COMPILATION_MODE = wholemodule;
				SWIFT_OPTIMIZATION_LEVEL = "-O";
				VALIDATE_PRODUCT = YES;
			};
			name = Release;
		};
		849340122428E9F600DFEDD2 /* Debug */ = {
			isa = XCBuildConfiguration;
			baseConfigurationReference = C9335373086316A1ED1D3CFA /* Pods-ResolverDemo.debug.xcconfig */;
			buildSettings = {
				ASSETCATALOG_COMPILER_APPICON_NAME = AppIcon;
				CODE_SIGN_STYLE = Automatic;
				DEVELOPMENT_TEAM = T7ABKFTL2Z;
				INFOPLIST_FILE = ResolverDemo/Info.plist;
				LD_RUNPATH_SEARCH_PATHS = (
					"$(inherited)",
					"@executable_path/Frameworks",
				);
				PRODUCT_BUNDLE_IDENTIFIER = com.sure.objcpos.ResolverDemo;
				PRODUCT_NAME = "$(TARGET_NAME)";
				SWIFT_VERSION = 5.0;
				TARGETED_DEVICE_FAMILY = "1,2";
			};
			name = Debug;
		};
		849340132428E9F600DFEDD2 /* Release */ = {
			isa = XCBuildConfiguration;
			baseConfigurationReference = AE8241F7B1284344B80CB753 /* Pods-ResolverDemo.release.xcconfig */;
			buildSettings = {
				ASSETCATALOG_COMPILER_APPICON_NAME = AppIcon;
				CODE_SIGN_STYLE = Automatic;
				DEVELOPMENT_TEAM = T7ABKFTL2Z;
				INFOPLIST_FILE = ResolverDemo/Info.plist;
				LD_RUNPATH_SEARCH_PATHS = (
					"$(inherited)",
					"@executable_path/Frameworks",
				);
				PRODUCT_BUNDLE_IDENTIFIER = com.sure.objcpos.ResolverDemo;
				PRODUCT_NAME = "$(TARGET_NAME)";
				SWIFT_VERSION = 5.0;
				TARGETED_DEVICE_FAMILY = "1,2";
			};
			name = Release;
		};
/* End XCBuildConfiguration section */

/* Begin XCConfigurationList section */
		84933FF82428E9F300DFEDD2 /* Build configuration list for PBXProject "ResolverDemo" */ = {
			isa = XCConfigurationList;
			buildConfigurations = (
				8493400F2428E9F600DFEDD2 /* Debug */,
				849340102428E9F600DFEDD2 /* Release */,
			);
			defaultConfigurationIsVisible = 0;
			defaultConfigurationName = Release;
		};
		849340112428E9F600DFEDD2 /* Build configuration list for PBXNativeTarget "ResolverDemo" */ = {
			isa = XCConfigurationList;
			buildConfigurations = (
				849340122428E9F600DFEDD2 /* Debug */,
				849340132428E9F600DFEDD2 /* Release */,
			);
			defaultConfigurationIsVisible = 0;
			defaultConfigurationName = Release;
		};
/* End XCConfigurationList section */
	};
	rootObject = 84933FF52428E9F300DFEDD2 /* Project object */;
}
